
Microsoft Visual Studio Solution File, Format Version 12.00
# Visual Studio 2012
Project("{FAE04EC0-301F-11D3-BF4B-00C04F79EFBC}") = "ConsoleApplication1", "ConsoleApplication1\ConsoleApplication1.csproj", "{3559E06D-3E54-4D63-AA6A-5AF4699947FC}"
EndProject
Project("{FAE04EC0-301F-11D3-BF4B-00C04F79EFBC}") = "MediatorLib", "MediatorLib\MediatorLib.csproj", "{866D3AB8-1A95-49E9-B0EC-4400C207C685}"
EndProject
Project("{FAE04EC0-301F-11D3-BF4B-00C04F79EFBC}") = "MediatorTests", "MediatorTests\MediatorTests.csproj", "{4F568F2E-101A-4C22-9E51-B7887B03EA28}"
EndProject
Global
	GlobalSection(SolutionConfigurationPlatforms) = preSolution
		Debug|Any CPU = Debug|Any CPU
		Release|Any CPU = Release|Any CPU
	EndGlobalSection
	GlobalSection(ProjectConfigurationPlatforms) = postSolution
		{3559E06D-3E54-4D63-AA6A-5AF4699947FC}.Debug|Any CPU.ActiveCfg = Debug|Any CPU
		{3559E06D-3E54-4D63-AA6A-5AF4699947FC}.Debug|Any CPU.Build.0 = Debug|Any CPU
		{3559E06D-3E54-4D63-AA6A-5AF4699947FC}.Release|Any CPU.ActiveCfg = Release|Any CPU
		{3559E06D-3E54-4D63-AA6A-5AF4699947FC}.Release|Any CPU.Build.0 = Release|Any CPU
		{866D3AB8-1A95-49E9-B0EC-4400C207C685}.Debug|Any CPU.ActiveCfg = Debug|Any CPU
		{866D3AB8-1A95-49E9-B0EC-4400C207C685}.Debug|Any CPU.Build.0 = Debug|Any CPU
		{866D3AB8-1A95-49E9-B0EC-4400C207C685}.Release|Any CPU.ActiveCfg = Release|Any CPU
		{866D3AB8-1A95-49E9-B0EC-4400C207C685}.Release|Any CPU.Build.0 = Release|Any CPU
		{4F568F2E-101A-4C22-9E51-B7887B03EA28}.Debug|Any CPU.ActiveCfg = Debug|Any CPU
		{4F568F2E-101A-4C22-9E51-B7887B03EA28}.Debug|Any CPU.Build.0 = Debug|Any CPU
		{4F568F2E-101A-4C22-9E51-B7887B03EA28}.Release|Any CPU.ActiveCfg = Release|Any CPU
		{4F568F2E-101A-4C22-9E51-B7887B03EA28}.Release|Any CPU.Build.0 = Release|Any CPU
	EndGlobalSection
	GlobalSection(SolutionProperties) = preSolution
		HideSolutionNode = FALSE
	EndGlobalSection
EndGlobal
